{
  "name": "imhooked-fishing-charters",
  "version": "1.0.0",
  "lockfileVersion": 3,
  "requires": true,
  "packages": {
    "": {
      "name": "imhooked-fishing-charters",
      "version": "1.0.0",
      "devDependencies": {
        "@fontsource-variable/nunito-sans": "^5.3.0"
      }
    },
    "node_modules/@fontsource-variable/nunito-sans": {
      "version": "5.3.0",
      "resolved": "https://registry.npmjs.org/@fontsource-variable/nunito-sans/-/nunito-sans-5.3.0.tgz",
      "integrity": "sha512-Vk1PSfckNDwgw2yGcsvJP3o/0zEW8Rp6KzbD8Ql/6iRHQshnhhAjt+cSIfAUyp5vQuSlleGHFW2LfYaaex0diw==",
      "dev": true,
      "license": "OFL-1.1",
      "funding": {
        "url": "https://github.com/sponsors/ayuhito"
      }
    }
  }
}
